
Microsoft Visual Studio Solution File, Format Version 12.00
# Visual Studio Version 17
VisualStudioVersion = 17.0.31903.59
MinimumVisualStudioVersion = 10.0.40219.1
Project("{FAE04EC0-301F-11D3-BF4B-00C04F79EFBC}") = "NeedABreak", "NeedABreak\NeedABreak.csproj", "{2C7315F1-B831-4818-B786-802C389CD59A}"
EndProject
Project("{FAE04EC0-301F-11D3-BF4B-00C04F79EFBC}") = "NeedABreakTests", "NeedABreakTests\NeedABreakTests.csproj", "{71A0778A-B2B6-4550-8F5E-CA9B4D3055F0}"
EndProject
Global
	GlobalSection(SolutionConfigurationPlatforms) = preSolution
		Debug|Any CPU = Debug|Any CPU
		Release|Any CPU = Release|Any CPU
	EndGlobalSection
	GlobalSection(SolutionProperties) = preSolution
		HideSolutionNode = FALSE
	EndGlobalSection
	GlobalSection(ProjectConfigurationPlatforms) = postSolution
		{2C7315F1-B831-4818-B786-802C389CD59A}.Debug|Any CPU.ActiveCfg = Debug|Any CPU
		{2C7315F1-B831-4818-B786-802C389CD59A}.Debug|Any CPU.Build.0 = Debug|Any CPU
		{2C7315F1-B831-4818-B786-802C389CD59A}.Release|Any CPU.ActiveCfg = Release|Any CPU
		{2C7315F1-B831-4818-B786-802C389CD59A}.Release|Any CPU.Build.0 = Release|Any CPU
		{71A0778A-B2B6-4550-8F5E-CA9B4D3055F0}.Debug|Any CPU.ActiveCfg = Debug|Any CPU
		{71A0778A-B2B6-4550-8F5E-CA9B4D3055F0}.Debug|Any CPU.Build.0 = Debug|Any CPU
		{71A0778A-B2B6-4550-8F5E-CA9B4D3055F0}.Release|Any CPU.ActiveCfg = Release|Any CPU
		{71A0778A-B2B6-4550-8F5E-CA9B4D3055F0}.Release|Any CPU.Build.0 = Release|Any CPU
	EndGlobalSection
EndGlobal
